
Microsoft Visual Studio Solution File, Format Version 12.00
# Visual Studio Version 17
VisualStudioVersion = 17.1.32210.238
MinimumVisualStudioVersion = 10.0.40219.1
Project("{FAE04EC0-301F-11D3-BF4B-00C04F79EFBC}") = "DiamanteLetras.ConsoleApp", "DiamanteLetras.ConsoleApp\DiamanteLetras.ConsoleApp.csproj", "{9FA5C461-DEDC-4415-B159-89BAD8CF2196}"
EndProject
Global
	GlobalSection(SolutionConfigurationPlatforms) = preSolution
		Debug|Any CPU = Debug|Any CPU
		Release|Any CPU = Release|Any CPU
	EndGlobalSection
	GlobalSection(ProjectConfigurationPlatforms) = postSolution
		{9FA5C461-DEDC-4415-B159-89BAD8CF2196}.Debug|Any CPU.ActiveCfg = Debug|Any CPU
		{9FA5C461-DEDC-4415-B159-89BAD8CF2196}.Debug|Any CPU.Build.0 = Debug|Any CPU
		{9FA5C461-DEDC-4415-B159-89BAD8CF2196}.Release|Any CPU.ActiveCfg = Release|Any CPU
		{9FA5C461-DEDC-4415-B159-89BAD8CF2196}.Release|Any CPU.Build.0 = Release|Any CPU
	EndGlobalSection
	GlobalSection(SolutionProperties) = preSolution
		HideSolutionNode = FALSE
	EndGlobalSection
	GlobalSection(ExtensibilityGlobals) = postSolution
		SolutionGuid = {D8C050D8-AA2E-4961-861D-7205D26913B6}
	EndGlobalSection
EndGlobal
